
Microsoft Visual Studio Solution File, Format Version 12.00
# Visual Studio Version 16
VisualStudioVersion = 16.0.31321.278
MinimumVisualStudioVersion = 10.0.40219.1
Project("{9A19103F-16F7-4668-BE54-9A1E7A4F7556}") = "TCSCaseStudy", "TCSCaseStudy.csproj", "{7CF9EDE9-C074-4F9C-91E0-B92B5BA6963C}"
EndProject
Project("{FAE04EC0-301F-11D3-BF4B-00C04F79EFBC}") = "CaseStudyService", "..\CaseStudyService1\CaseStudyService.csproj", "{F6BC4D49-3039-4245-B2A9-E3AA813CD7BA}"
EndProject
Global
	GlobalSection(SolutionConfigurationPlatforms) = preSolution
		Debug|Any CPU = Debug|Any CPU
		Release|Any CPU = Release|Any CPU
	EndGlobalSection
	GlobalSection(ProjectConfigurationPlatforms) = postSolution
		{7CF9EDE9-C074-4F9C-91E0-B92B5BA6963C}.Debug|Any CPU.ActiveCfg = Debug|Any CPU
		{7CF9EDE9-C074-4F9C-91E0-B92B5BA6963C}.Debug|Any CPU.Build.0 = Debug|Any CPU
		{7CF9EDE9-C074-4F9C-91E0-B92B5BA6963C}.Release|Any CPU.ActiveCfg = Release|Any CPU
		{7CF9EDE9-C074-4F9C-91E0-B92B5BA6963C}.Release|Any CPU.Build.0 = Release|Any CPU
		{F6BC4D49-3039-4245-B2A9-E3AA813CD7BA}.Debug|Any CPU.ActiveCfg = Debug|Any CPU
		{F6BC4D49-3039-4245-B2A9-E3AA813CD7BA}.Debug|Any CPU.Build.0 = Debug|Any CPU
		{F6BC4D49-3039-4245-B2A9-E3AA813CD7BA}.Release|Any CPU.ActiveCfg = Release|Any CPU
		{F6BC4D49-3039-4245-B2A9-E3AA813CD7BA}.Release|Any CPU.Build.0 = Release|Any CPU
	EndGlobalSection
	GlobalSection(SolutionProperties) = preSolution
		HideSolutionNode = FALSE
	EndGlobalSection
	GlobalSection(ExtensibilityGlobals) = postSolution
		SolutionGuid = {5EBCFD08-CF44-464D-AF46-3F11F04063FA}
	EndGlobalSection
EndGlobal
